// !$*UTF8*$!
{
	archiveVersion = 1;
	classes = {
	};
	objectVersion = 46;
	objects = {

/* Begin PBXBuildFile section */
		4F4DC1ED14EC1C0E00AE3C99 /* Icon.png in Resources */ = {isa = PBXBuildFile; fileRef = 4F4DC1EC14EC1C0E00AE3C99 /* Icon.png */; };
		4F4DC1EF14EC1C1100AE3C99 /* Icon@2x.png in Resources */ = {isa = PBXBuildFile; fileRef = 4F4DC1EE14EC1C1100AE3C99 /* Icon@2x.png */; };
		4F974F8C14952C350068F892 /* UIKit.framework in Frameworks */ = {isa = PBXBuildFile; fileRef = 4F974F8B14952C350068F892 /* UIKit.framework */; };
		4F974F8E14952C350068F892 /* Foundation.framework in Frameworks */ = {isa = PBXBuildFile; fileRef = 4F974F8D14952C350068F892 /* Foundation.framework */; };
		4F974F9014952C350068F892 /* CoreGraphics.framework in Frameworks */ = {isa = PBXBuildFile; fileRef = 4F974F8F14952C350068F892 /* CoreGraphics.framework */; };
		4F974F9614952C350068F892 /* InfoPlist.strings in Resources */ = {isa = PBXBuildFile; fileRef = 4F974F9414952C350068F892 /* InfoPlist.strings */; };
		4F974F9814952C350068F892 /* main.m in Sources */ = {isa = PBXBuildFile; fileRef = 4F974F9714952C350068F892 /* main.m */; };
		4F974F9C14952C350068F892 /* AppDelegate.m in Sources */ = {isa = PBXBuildFile; fileRef = 4F974F9B14952C350068F892 /* AppDelegate.m */; };
		4F974F9F14952C350068F892 /* ViewController.m in Sources */ = {isa = PBXBuildFile; fileRef = 4F974F9E14952C350068F892 /* ViewController.m */; };
		4F974FA214952C350068F892 /* ViewController.xib in Resources */ = {isa = PBXBuildFile; fileRef = 4F974FA014952C350068F892 /* ViewController.xib */; };
		4F974FB914952D9C0068F892 /* JTNavigationBar.m in Sources */ = {isa = PBXBuildFile; fileRef = 4F974FAE14952D9C0068F892 /* JTNavigationBar.m */; settings = {COMPILER_FLAGS = "-fno-objc-arc"; }; };
		4F974FBA14952D9C0068F892 /* JTNavigationView.m in Sources */ = {isa = PBXBuildFile; fileRef = 4F974FB014952D9C0068F892 /* JTNavigationView.m */; settings = {COMPILER_FLAGS = "-fno-objc-arc"; }; };
		4F974FBB14952D9C0068F892 /* JTRevealSidebarView.m in Sources */ = {isa = PBXBuildFile; fileRef = 4F974FB214952D9C0068F892 /* JTRevealSidebarView.m */; settings = {COMPILER_FLAGS = "-fno-objc-arc"; }; };
		4F974FBC14952D9C0068F892 /* JTTableViewCellFactory.m in Sources */ = {isa = PBXBuildFile; fileRef = 4F974FB414952D9C0068F892 /* JTTableViewCellFactory.m */; settings = {COMPILER_FLAGS = "-fno-objc-arc"; }; };
		4F974FBD14952D9C0068F892 /* JTTableViewCellModal.m in Sources */ = {isa = PBXBuildFile; fileRef = 4F974FB614952D9C0068F892 /* JTTableViewCellModal.m */; settings = {COMPILER_FLAGS = "-fno-objc-arc"; }; };
		4F974FBE14952D9C0068F892 /* JTTableViewDatasource.m in Sources */ = {isa = PBXBuildFile; fileRef = 4F974FB814952D9C0068F892 /* JTTableViewDatasource.m */; settings = {COMPILER_FLAGS = "-fno-objc-arc"; }; };
		4F974FD7149545820068F892 /* MBProgressHUD.m in Sources */ = {isa = PBXBuildFile; fileRef = 4F974FD6149545820068F892 /* MBProgressHUD.m */; settings = {COMPILER_FLAGS = "-fno-objc-arc"; }; };
		4F974FDF149546E60068F892 /* InformationViewController.m in Sources */ = {isa = PBXBuildFile; fileRef = 4F974FDD149546E50068F892 /* InformationViewController.m */; };
		4F974FE0149546E60068F892 /* InformationViewController.xib in Resources */ = {isa = PBXBuildFile; fileRef = 4F974FDE149546E50068F892 /* InformationViewController.xib */; };
		4F974FE2149547FA0068F892 /* informationview.png in Resources */ = {isa = PBXBuildFile; fileRef = 4F974FE1149547FA0068F892 /* informationview.png */; };
		4FBB9AD816E01D2200AA7D07 /* Default-568h@2x.png in Resources */ = {isa = PBXBuildFile; fileRef = 4FBB9AD716E01D2200AA7D07 /* Default-568h@2x.png */; };
		4FD8B7481579DADF006898B0 /* JSONKit.m in Sources */ = {isa = PBXBuildFile; fileRef = 4FD8B7471579DADF006898B0 /* JSONKit.m */; settings = {COMPILER_FLAGS = "-fno-objc-arc"; }; };
		4FD8B75B157A1A2D006898B0 /* screen3-background-scroll.png in Resources */ = {isa = PBXBuildFile; fileRef = 4FD8B75A157A1A2D006898B0 /* screen3-background-scroll.png */; };
		4FD8B760157A1E61006898B0 /* checked.png in Resources */ = {isa = PBXBuildFile; fileRef = 4FD8B75E157A1E61006898B0 /* checked.png */; };
		4FD8B761157A1E61006898B0 /* unchecked.png in Resources */ = {isa = PBXBuildFile; fileRef = 4FD8B75F157A1E61006898B0 /* unchecked.png */; };
		4FE972C714E8EBB300202B16 /* addressbook.png in Resources */ = {isa = PBXBuildFile; fileRef = 4FE972C514E8EBB300202B16 /* addressbook.png */; };
		4FE972C814E8EBB300202B16 /* searchbutton.png in Resources */ = {isa = PBXBuildFile; fileRef = 4FE972C614E8EBB300202B16 /* searchbutton.png */; };
		4FE972DD14E8F12F00202B16 /* AppSettings.m in Sources */ = {isa = PBXBuildFile; fileRef = 4FE972CB14E8F12F00202B16 /* AppSettings.m */; };
		4FE972DF14E8F12F00202B16 /* LiftInfoViewController.mm in Sources */ = {isa = PBXBuildFile; fileRef = 4FE972D314E8F12F00202B16 /* LiftInfoViewController.mm */; };
		4FE972E014E8F12F00202B16 /* LiftInfoViewController.xib in Resources */ = {isa = PBXBuildFile; fileRef = 4FE972D414E8F12F00202B16 /* LiftInfoViewController.xib */; };
		4FE972E114E8F12F00202B16 /* Million.png in Resources */ = {isa = PBXBuildFile; fileRef = 4FE972D514E8F12F00202B16 /* Million.png */; };
		4FE972E214E8F12F00202B16 /* UIColor+Additions.m in Sources */ = {isa = PBXBuildFile; fileRef = 4FE972D814E8F12F00202B16 /* UIColor+Additions.m */; };
		4FE972E314E8F12F00202B16 /* Voices.png in Resources */ = {isa = PBXBuildFile; fileRef = 4FE972D914E8F12F00202B16 /* Voices.png */; };
		4FE972E414E8F12F00202B16 /* WebView.m in Sources */ = {isa = PBXBuildFile; fileRef = 4FE972DB14E8F12F00202B16 /* WebView.m */; };
		4FE972E514E8F12F00202B16 /* WebView.xib in Resources */ = {isa = PBXBuildFile; fileRef = 4FE972DC14E8F12F00202B16 /* WebView.xib */; };
		4FE972ED14E8F26500202B16 /* TPKeyboardAvoidingScrollView.m in Sources */ = {isa = PBXBuildFile; fileRef = 4FE972E814E8F26500202B16 /* TPKeyboardAvoidingScrollView.m */; settings = {COMPILER_FLAGS = "-fno-objc-arc"; }; };
		4FE972EE14E8F26500202B16 /* UIView+Position.m in Sources */ = {isa = PBXBuildFile; fileRef = 4FE972EA14E8F26500202B16 /* UIView+Position.m */; };
		4FE972EF14E8F26500202B16 /* UIView+firstResponder.m in Sources */ = {isa = PBXBuildFile; fileRef = 4FE972EC14E8F26500202B16 /* UIView+firstResponder.m */; };
		4FE972F314E8F59200202B16 /* appsbylift_Resources in Resources */ = {isa = PBXBuildFile; fileRef = 4FE972F114E8F59200202B16 /* appsbylift_Resources */; };
		4FE972F414E8F59200202B16 /* appsbylift.html in Resources */ = {isa = PBXBuildFile; fileRef = 4FE972F214E8F59200202B16 /* appsbylift.html */; };
		4FE972F614E8FBDA00202B16 /* MessageUI.framework in Frameworks */ = {isa = PBXBuildFile; fileRef = 4FE972F514E8FBDA00202B16 /* MessageUI.framework */; };
		4FE972F814E8FE9000202B16 /* screen1-background-scroll.png in Resources */ = {isa = PBXBuildFile; fileRef = 4FE972F714E8FE9000202B16 /* screen1-background-scroll.png */; };
		4FE972FC14E907A500202B16 /* mapviewbackground.png in Resources */ = {isa = PBXBuildFile; fileRef = 4FE972FB14E907A500202B16 /* mapviewbackground.png */; };
		4FE9731314E9A76A00202B16 /* sharemapinfo.png in Resources */ = {isa = PBXBuildFile; fileRef = 4FE9731014E9A76A00202B16 /* sharemapinfo.png */; };
		4FE9731414E9A76A00202B16 /* screen2-background-update.png in Resources */ = {isa = PBXBuildFile; fileRef = 4FE9731114E9A76A00202B16 /* screen2-background-update.png */; };
		4FE9731514E9A76A00202B16 /* map.png in Resources */ = {isa = PBXBuildFile; fileRef = 4FE9731214E9A76A00202B16 /* map.png */; };
		4FE9738214E9B08300202B16 /* Twitter.framework in Frameworks */ = {isa = PBXBuildFile; fileRef = 4FE9738114E9B08300202B16 /* Twitter.framework */; };
		4FE9738414E9B08800202B16 /* CoreData.framework in Frameworks */ = {isa = PBXBuildFile; fileRef = 4FE9738314E9B08800202B16 /* CoreData.framework */; };
		4FE9738614E9B08E00202B16 /* CFNetwork.framework in Frameworks */ = {isa = PBXBuildFile; fileRef = 4FE9738514E9B08E00202B16 /* CFNetwork.framework */; };
		4FE9738814E9B09400202B16 /* QuartzCore.framework in Frameworks */ = {isa = PBXBuildFile; fileRef = 4FE9738714E9B09400202B16 /* QuartzCore.framework */; };
		4FE9738A14E9B09B00202B16 /* libz.1.2.5.dylib in Frameworks */ = {isa = PBXBuildFile; fileRef = 4FE9738914E9B09B00202B16 /* libz.1.2.5.dylib */; };
		4FE9738C14E9B0A100202B16 /* Security.framework in Frameworks */ = {isa = PBXBuildFile; fileRef = 4FE9738B14E9B0A100202B16 /* Security.framework */; };
		4FE9738E14E9B0AA00202B16 /* SystemConfiguration.framework in Frameworks */ = {isa = PBXBuildFile; fileRef = 4FE9738D14E9B0AA00202B16 /* SystemConfiguration.framework */; };
		4FE973A414E9C9F900202B16 /* CoreLocation.framework in Frameworks */ = {isa = PBXBuildFile; fileRef = 4FE973A314E9C9F900202B16 /* CoreLocation.framework */; };
		4FE973A814E9CA2500202B16 /* CoreLocationController.m in Sources */ = {isa = PBXBuildFile; fileRef = 4FE973A714E9CA2500202B16 /* CoreLocationController.m */; };
		4FE973B314E9E18100202B16 /* MapKit.framework in Frameworks */ = {isa = PBXBuildFile; fileRef = 4FE973B214E9E18100202B16 /* MapKit.framework */; };
		4FF8551214EA005900F33E42 /* searchGPS.png in Resources */ = {isa = PBXBuildFile; fileRef = 4FF8550D14EA005900F33E42 /* searchGPS.png */; };
		4FF8551314EA005900F33E42 /* searchManually.png in Resources */ = {isa = PBXBuildFile; fileRef = 4FF8550E14EA005900F33E42 /* searchManually.png */; };
		4FF8551414EA005900F33E42 /* searchGPS-light.png in Resources */ = {isa = PBXBuildFile; fileRef = 4FF8550F14EA005900F33E42 /* searchGPS-light.png */; };
		4FF8551514EA005900F33E42 /* infobutton-light.png in Resources */ = {isa = PBXBuildFile; fileRef = 4FF8551014EA005900F33E42 /* infobutton-light.png */; };
		4FF8551614EA005900F33E42 /* infobutton.png in Resources */ = {isa = PBXBuildFile; fileRef = 4FF8551114EA005900F33E42 /* infobutton.png */; };
		4FF8551914EA02B800F33E42 /* startscreen-background-update.png in Resources */ = {isa = PBXBuildFile; fileRef = 4FF8551714EA02B800F33E42 /* startscreen-background-update.png */; };
		4FF8551A14EA02B800F33E42 /* menu-button-highlight.png in Resources */ = {isa = PBXBuildFile; fileRef = 4FF8551814EA02B800F33E42 /* menu-button-highlight.png */; };
		4FF8551E14EA11CE00F33E42 /* infoviewBackground.png in Resources */ = {isa = PBXBuildFile; fileRef = 4FF8551D14EA11CE00F33E42 /* infoviewBackground.png */; };
		4FF8552714EA12D800F33E42 /* AppListingsViewController.m in Sources */ = {isa = PBXBuildFile; fileRef = 4FF8552514EA12D800F33E42 /* AppListingsViewController.m */; };
		4FF8552814EA12D800F33E42 /* AppListingsViewController.xib in Resources */ = {isa = PBXBuildFile; fileRef = 4FF8552614EA12D800F33E42 /* AppListingsViewController.xib */; };
		4FF8552A14EA13E400F33E42 /* White AppsByLift.png in Resources */ = {isa = PBXBuildFile; fileRef = 4FF8552914EA13E400F33E42 /* White AppsByLift.png */; };
		4FF8552D14EA17FB00F33E42 /* ATW.png in Resources */ = {isa = PBXBuildFile; fileRef = 4FF8552B14EA17FB00F33E42 /* ATW.png */; };
		4FF8552E14EA17FB00F33E42 /* WordSearch.png in Resources */ = {isa = PBXBuildFile; fileRef = 4FF8552C14EA17FB00F33E42 /* WordSearch.png */; };
		4FF8553014EA197400F33E42 /* done-highlight.png in Resources */ = {isa = PBXBuildFile; fileRef = 4FF8552F14EA197400F33E42 /* done-highlight.png */; };
		4FF8553714EA1C3A00F33E42 /* Default@2x.png in Resources */ = {isa = PBXBuildFile; fileRef = 4FF8553614EA1C3A00F33E42 /* Default@2x.png */; };
/* End PBXBuildFile section */

/* Begin PBXFileReference section */
		4F4DC1EC14EC1C0E00AE3C99 /* Icon.png */ = {isa = PBXFileReference; lastKnownFileType = image.png; path = Icon.png; sourceTree = "<group>"; };
		4F4DC1EE14EC1C1100AE3C99 /* Icon@2x.png */ = {isa = PBXFileReference; lastKnownFileType = image.png; path = "Icon@2x.png"; sourceTree = "<group>"; };
		4F974F8714952C350068F892 /* lds-ward-finder.app */ = {isa = PBXFileReference; explicitFileType = wrapper.application; includeInIndex = 0; path = "lds-ward-finder.app"; sourceTree = BUILT_PRODUCTS_DIR; };
		4F974F8B14952C350068F892 /* UIKit.framework */ = {isa = PBXFileReference; lastKnownFileType = wrapper.framework; name = UIKit.framework; path = System/Library/Frameworks/UIKit.framework; sourceTree = SDKROOT; };
		4F974F8D14952C350068F892 /* Foundation.framework */ = {isa = PBXFileReference; lastKnownFileType = wrapper.framework; name = Foundation.framework; path = System/Library/Frameworks/Foundation.framework; sourceTree = SDKROOT; };
		4F974F8F14952C350068F892 /* CoreGraphics.framework */ = {isa = PBXFileReference; lastKnownFileType = wrapper.framework; name = CoreGraphics.framework; path = System/Library/Frameworks/CoreGraphics.framework; sourceTree = SDKROOT; };
		4F974F9314952C350068F892 /* lds-ward-finder-Info.plist */ = {isa = PBXFileReference; lastKnownFileType = text.plist.xml; path = "lds-ward-finder-Info.plist"; sourceTree = "<group>"; };
		4F974F9514952C350068F892 /* en */ = {isa = PBXFileReference; lastKnownFileType = text.plist.strings; name = en; path = en.lproj/InfoPlist.strings; sourceTree = "<group>"; };
		4F974F9714952C350068F892 /* main.m */ = {isa = PBXFileReference; lastKnownFileType = sourcecode.c.objc; path = main.m; sourceTree = "<group>"; };
		4F974F9914952C350068F892 /* lds-ward-finder-Prefix.pch */ = {isa = PBXFileReference; lastKnownFileType = sourcecode.c.h; path = "lds-ward-finder-Prefix.pch"; sourceTree = "<group>"; };
		4F974F9A14952C350068F892 /* AppDelegate.h */ = {isa = PBXFileReference; lastKnownFileType = sourcecode.c.h; path = AppDelegate.h; sourceTree = "<group>"; };
		4F974F9B14952C350068F892 /* AppDelegate.m */ = {isa = PBXFileReference; lastKnownFileType = sourcecode.c.objc; path = AppDelegate.m; sourceTree = "<group>"; };
		4F974F9D14952C350068F892 /* ViewController.h */ = {isa = PBXFileReference; lastKnownFileType = sourcecode.c.h; path = ViewController.h; sourceTree = "<group>"; };
		4F974F9E14952C350068F892 /* ViewController.m */ = {isa = PBXFileReference; lastKnownFileType = sourcecode.c.objc; path = ViewController.m; sourceTree = "<group>"; };
		4F974FA114952C350068F892 /* en */ = {isa = PBXFileReference; lastKnownFileType = file.xib; name = en; path = en.lproj/ViewController.xib; sourceTree = "<group>"; };
		4F974FAD14952D9C0068F892 /* JTNavigationBar.h */ = {isa = PBXFileReference; fileEncoding = 4; lastKnownFileType = sourcecode.c.h; path = JTNavigationBar.h; sourceTree = "<group>"; };
		4F974FAE14952D9C0068F892 /* JTNavigationBar.m */ = {isa = PBXFileReference; fileEncoding = 4; lastKnownFileType = sourcecode.c.objc; path = JTNavigationBar.m; sourceTree = "<group>"; };
		4F974FAF14952D9C0068F892 /* JTNavigationView.h */ = {isa = PBXFileReference; fileEncoding = 4; lastKnownFileType = sourcecode.c.h; path = JTNavigationView.h; sourceTree = "<group>"; };
		4F974FB014952D9C0068F892 /* JTNavigationView.m */ = {isa = PBXFileReference; fileEncoding = 4; lastKnownFileType = sourcecode.c.objc; path = JTNavigationView.m; sourceTree = "<group>"; };
		4F974FB114952D9C0068F892 /* JTRevealSidebarView.h */ = {isa = PBXFileReference; fileEncoding = 4; lastKnownFileType = sourcecode.c.h; path = JTRevealSidebarView.h; sourceTree = "<group>"; };
		4F974FB214952D9C0068F892 /* JTRevealSidebarView.m */ = {isa = PBXFileReference; fileEncoding = 4; lastKnownFileType = sourcecode.c.objc; path = JTRevealSidebarView.m; sourceTree = "<group>"; };
		4F974FB314952D9C0068F892 /* JTTableViewCellFactory.h */ = {isa = PBXFileReference; fileEncoding = 4; lastKnownFileType = sourcecode.c.h; path = JTTableViewCellFactory.h; sourceTree = "<group>"; };
		4F974FB414952D9C0068F892 /* JTTableViewCellFactory.m */ = {isa = PBXFileReference; fileEncoding = 4; lastKnownFileType = sourcecode.c.objc; path = JTTableViewCellFactory.m; sourceTree = "<group>"; };
		4F974FB514952D9C0068F892 /* JTTableViewCellModal.h */ = {isa = PBXFileReference; fileEncoding = 4; lastKnownFileType = sourcecode.c.h; path = JTTableViewCellModal.h; sourceTree = "<group>"; };
		4F974FB614952D9C0068F892 /* JTTableViewCellModal.m */ = {isa = PBXFileReference; fileEncoding = 4; lastKnownFileType = sourcecode.c.objc; path = JTTableViewCellModal.m; sourceTree = "<group>"; };
		4F974FB714952D9C0068F892 /* JTTableViewDatasource.h */ = {isa = PBXFileReference; fileEncoding = 4; lastKnownFileType = sourcecode.c.h; path = JTTableViewDatasource.h; sourceTree = "<group>"; };
		4F974FB814952D9C0068F892 /* JTTableViewDatasource.m */ = {isa = PBXFileReference; fileEncoding = 4; lastKnownFileType = sourcecode.c.objc; path = JTTableViewDatasource.m; sourceTree = "<group>"; };
		4F974FD5149545820068F892 /* MBProgressHUD.h */ = {isa = PBXFileReference; fileEncoding = 4; lastKnownFileType = sourcecode.c.h; path = MBProgressHUD.h; sourceTree = "<group>"; };
		4F974FD6149545820068F892 /* MBProgressHUD.m */ = {isa = PBXFileReference; fileEncoding = 4; lastKnownFileType = sourcecode.c.objc; path = MBProgressHUD.m; sourceTree = "<group>"; };
		4F974FDC149546E50068F892 /* InformationViewController.h */ = {isa = PBXFileReference; fileEncoding = 4; lastKnownFileType = sourcecode.c.h; path = InformationViewController.h; sourceTree = "<group>"; };
		4F974FDD149546E50068F892 /* InformationViewController.m */ = {isa = PBXFileReference; fileEncoding = 4; lastKnownFileType = sourcecode.c.objc; path = InformationViewController.m; sourceTree = "<group>"; };
		4F974FDE149546E50068F892 /* InformationViewController.xib */ = {isa = PBXFileReference; fileEncoding = 4; lastKnownFileType = file.xib; path = InformationViewController.xib; sourceTree = "<group>"; };
		4F974FE1149547FA0068F892 /* informationview.png */ = {isa = PBXFileReference; lastKnownFileType = image.png; path = informationview.png; sourceTree = "<group>"; };
		4FBB9AD616E01C6F00AA7D07 /* CWLSynthesizeSingleton.h */ = {isa = PBXFileReference; fileEncoding = 4; lastKnownFileType = sourcecode.c.h; path = CWLSynthesizeSingleton.h; sourceTree = "<group>"; };
		4FBB9AD716E01D2200AA7D07 /* Default-568h@2x.png */ = {isa = PBXFileReference; lastKnownFileType = image.png; path = "Default-568h@2x.png"; sourceTree = "<group>"; };
		4FD8B7461579DADF006898B0 /* JSONKit.h */ = {isa = PBXFileReference; fileEncoding = 4; lastKnownFileType = sourcecode.c.h; path = JSONKit.h; sourceTree = "<group>"; };
		4FD8B7471579DADF006898B0 /* JSONKit.m */ = {isa = PBXFileReference; fileEncoding = 4; lastKnownFileType = sourcecode.c.objc; path = JSONKit.m; sourceTree = "<group>"; };
		4FD8B75A157A1A2D006898B0 /* screen3-background-scroll.png */ = {isa = PBXFileReference; lastKnownFileType = image.png; path = "screen3-background-scroll.png"; sourceTree = "<group>"; };
		4FD8B75E157A1E61006898B0 /* checked.png */ = {isa = PBXFileReference; lastKnownFileType = image.png; path = checked.png; sourceTree = "<group>"; };
		4FD8B75F157A1E61006898B0 /* unchecked.png */ = {isa = PBXFileReference; lastKnownFileType = image.png; path = unchecked.png; sourceTree = "<group>"; };
		4FE972C214E8EB1400202B16 /* screen1-background.png */ = {isa = PBXFileReference; lastKnownFileType = image.png; path = "screen1-background.png"; sourceTree = "<group>"; };
		4FE972C514E8EBB300202B16 /* addressbook.png */ = {isa = PBXFileReference; lastKnownFileType = image.png; path = addressbook.png; sourceTree = "<group>"; };
		4FE972C614E8EBB300202B16 /* searchbutton.png */ = {isa = PBXFileReference; lastKnownFileType = image.png; path = searchbutton.png; sourceTree = "<group>"; };
		4FE972CA14E8F12F00202B16 /* AppSettings.h */ = {isa = PBXFileReference; fileEncoding = 4; lastKnownFileType = sourcecode.c.h; name = AppSettings.h; path = "Email Newsletter/AppSettings.h"; sourceTree = "<group>"; };
		4FE972CB14E8F12F00202B16 /* AppSettings.m */ = {isa = PBXFileReference; fileEncoding = 4; lastKnownFileType = sourcecode.c.objc; name = AppSettings.m; path = "Email Newsletter/AppSettings.m"; sourceTree = "<group>"; };
		4FE972D214E8F12F00202B16 /* LiftInfoViewController.h */ = {isa = PBXFileReference; fileEncoding = 4; lastKnownFileType = sourcecode.c.h; path = LiftInfoViewController.h; sourceTree = "<group>"; };
		4FE972D314E8F12F00202B16 /* LiftInfoViewController.mm */ = {isa = PBXFileReference; fileEncoding = 4; lastKnownFileType = sourcecode.cpp.objcpp; path = LiftInfoViewController.mm; sourceTree = "<group>"; };
		4FE972D414E8F12F00202B16 /* LiftInfoViewController.xib */ = {isa = PBXFileReference; fileEncoding = 4; lastKnownFileType = file.xib; path = LiftInfoViewController.xib; sourceTree = "<group>"; };
		4FE972D514E8F12F00202B16 /* Million.png */ = {isa = PBXFileReference; lastKnownFileType = image.png; path = Million.png; sourceTree = "<group>"; };
		4FE972D714E8F12F00202B16 /* UIColor+Additions.h */ = {isa = PBXFileReference; fileEncoding = 4; lastKnownFileType = sourcecode.c.h; path = "UIColor+Additions.h"; sourceTree = "<group>"; };
		4FE972D814E8F12F00202B16 /* UIColor+Additions.m */ = {isa = PBXFileReference; fileEncoding = 4; lastKnownFileType = sourcecode.c.objc; path = "UIColor+Additions.m"; sourceTree = "<group>"; };
		4FE972D914E8F12F00202B16 /* Voices.png */ = {isa = PBXFileReference; lastKnownFileType = image.png; path = Voices.png; sourceTree = "<group>"; };
		4FE972DA14E8F12F00202B16 /* WebView.h */ = {isa = PBXFileReference; fileEncoding = 4; lastKnownFileType = sourcecode.c.h; path = WebView.h; sourceTree = "<group>"; };
		4FE972DB14E8F12F00202B16 /* WebView.m */ = {isa = PBXFileReference; fileEncoding = 4; lastKnownFileType = sourcecode.c.objc; path = WebView.m; sourceTree = "<group>"; };
		4FE972DC14E8F12F00202B16 /* WebView.xib */ = {isa = PBXFileReference; fileEncoding = 4; lastKnownFileType = file.xib; path = WebView.xib; sourceTree = "<group>"; };
		4FE972E714E8F26500202B16 /* TPKeyboardAvoidingScrollView.h */ = {isa = PBXFileReference; fileEncoding = 4; lastKnownFileType = sourcecode.c.h; path = TPKeyboardAvoidingScrollView.h; sourceTree = "<group>"; };
		4FE972E814E8F26500202B16 /* TPKeyboardAvoidingScrollView.m */ = {isa = PBXFileReference; fileEncoding = 4; lastKnownFileType = sourcecode.c.objc; path = TPKeyboardAvoidingScrollView.m; sourceTree = "<group>"; };
		4FE972E914E8F26500202B16 /* UIView+Position.h */ = {isa = PBXFileReference; fileEncoding = 4; lastKnownFileType = sourcecode.c.h; path = "UIView+Position.h"; sourceTree = "<group>"; };
		4FE972EA14E8F26500202B16 /* UIView+Position.m */ = {isa = PBXFileReference; fileEncoding = 4; lastKnownFileType = sourcecode.c.objc; path = "UIView+Position.m"; sourceTree = "<group>"; };
		4FE972EB14E8F26500202B16 /* UIView+firstResponder.h */ = {isa = PBXFileReference; fileEncoding = 4; lastKnownFileType = sourcecode.c.h; path = "UIView+firstResponder.h"; sourceTree = "<group>"; };
		4FE972EC14E8F26500202B16 /* UIView+firstResponder.m */ = {isa = PBXFileReference; fileEncoding = 4; lastKnownFileType = sourcecode.c.objc; path = "UIView+firstResponder.m"; sourceTree = "<group>"; };
		4FE972F114E8F59200202B16 /* appsbylift_Resources */ = {isa = PBXFileReference; lastKnownFileType = folder; path = appsbylift_Resources; sourceTree = "<group>"; };
		4FE972F214E8F59200202B16 /* appsbylift.html */ = {isa = PBXFileReference; fileEncoding = 4; lastKnownFileType = text.html; path = appsbylift.html; sourceTree = "<group>"; };
		4FE972F514E8FBDA00202B16 /* MessageUI.framework */ = {isa = PBXFileReference; lastKnownFileType = wrapper.framework; name = MessageUI.framework; path = System/Library/Frameworks/MessageUI.framework; sourceTree = SDKROOT; };
		4FE972F714E8FE9000202B16 /* screen1-background-scroll.png */ = {isa = PBXFileReference; lastKnownFileType = image.png; path = "screen1-background-scroll.png"; sourceTree = "<group>"; };
		4FE972FB14E907A500202B16 /* mapviewbackground.png */ = {isa = PBXFileReference; lastKnownFileType = image.png; path = mapviewbackground.png; sourceTree = "<group>"; };
		4FE9731014E9A76A00202B16 /* sharemapinfo.png */ = {isa = PBXFileReference; lastKnownFileType = image.png; path = sharemapinfo.png; sourceTree = "<group>"; };
		4FE9731114E9A76A00202B16 /* screen2-background-update.png */ = {isa = PBXFileReference; lastKnownFileType = image.png; path = "screen2-background-update.png"; sourceTree = "<group>"; };
		4FE9731214E9A76A00202B16 /* map.png */ = {isa = PBXFileReference; lastKnownFileType = image.png; path = map.png; sourceTree = "<group>"; };
		4FE9738114E9B08300202B16 /* Twitter.framework */ = {isa = PBXFileReference; lastKnownFileType = wrapper.framework; name = Twitter.framework; path = System/Library/Frameworks/Twitter.framework; sourceTree = SDKROOT; };
		4FE9738314E9B08800202B16 /* CoreData.framework */ = {isa = PBXFileReference; lastKnownFileType = wrapper.framework; name = CoreData.framework; path = System/Library/Frameworks/CoreData.framework; sourceTree = SDKROOT; };
		4FE9738514E9B08E00202B16 /* CFNetwork.framework */ = {isa = PBXFileReference; lastKnownFileType = wrapper.framework; name = CFNetwork.framework; path = System/Library/Frameworks/CFNetwork.framework; sourceTree = SDKROOT; };
		4FE9738714E9B09400202B16 /* QuartzCore.framework */ = {isa = PBXFileReference; lastKnownFileType = wrapper.framework; name = QuartzCore.framework; path = System/Library/Frameworks/QuartzCore.framework; sourceTree = SDKROOT; };
		4FE9738914E9B09B00202B16 /* libz.1.2.5.dylib */ = {isa = PBXFileReference; lastKnownFileType = "compiled.mach-o.dylib"; name = libz.1.2.5.dylib; path = usr/lib/libz.1.2.5.dylib; sourceTree = SDKROOT; };
		4FE9738B14E9B0A100202B16 /* Security.framework */ = {isa = PBXFileReference; lastKnownFileType = wrapper.framework; name = Security.framework; path = System/Library/Frameworks/Security.framework; sourceTree = SDKROOT; };
		4FE9738D14E9B0AA00202B16 /* SystemConfiguration.framework */ = {isa = PBXFileReference; lastKnownFileType = wrapper.framework; name = SystemConfiguration.framework; path = System/Library/Frameworks/SystemConfiguration.framework; sourceTree = SDKROOT; };
		4FE973A314E9C9F900202B16 /* CoreLocation.framework */ = {isa = PBXFileReference; lastKnownFileType = wrapper.framework; name = CoreLocation.framework; path = System/Library/Frameworks/CoreLocation.framework; sourceTree = SDKROOT; };
		4FE973A614E9CA2500202B16 /* CoreLocationController.h */ = {isa = PBXFileReference; fileEncoding = 4; lastKnownFileType = sourcecode.c.h; path = CoreLocationController.h; sourceTree = "<group>"; };
		4FE973A714E9CA2500202B16 /* CoreLocationController.m */ = {isa = PBXFileReference; fileEncoding = 4; lastKnownFileType = sourcecode.c.objc; path = CoreLocationController.m; sourceTree = "<group>"; };
		4FE973B214E9E18100202B16 /* MapKit.framework */ = {isa = PBXFileReference; lastKnownFileType = wrapper.framework; name = MapKit.framework; path = System/Library/Frameworks/MapKit.framework; sourceTree = SDKROOT; };
		4FF8550D14EA005900F33E42 /* searchGPS.png */ = {isa = PBXFileReference; lastKnownFileType = image.png; path = searchGPS.png; sourceTree = "<group>"; };
		4FF8550E14EA005900F33E42 /* searchManually.png */ = {isa = PBXFileReference; lastKnownFileType = image.png; path = searchManually.png; sourceTree = "<group>"; };
		4FF8550F14EA005900F33E42 /* searchGPS-light.png */ = {isa = PBXFileReference; lastKnownFileType = image.png; path = "searchGPS-light.png"; sourceTree = "<group>"; };
		4FF8551014EA005900F33E42 /* infobutton-light.png */ = {isa = PBXFileReference; lastKnownFileType = image.png; path = "infobutton-light.png"; sourceTree = "<group>"; };
		4FF8551114EA005900F33E42 /* infobutton.png */ = {isa = PBXFileReference; lastKnownFileType = image.png; path = infobutton.png; sourceTree = "<group>"; };
		4FF8551714EA02B800F33E42 /* startscreen-background-update.png */ = {isa = PBXFileReference; lastKnownFileType = image.png; path = "startscreen-background-update.png"; sourceTree = "<group>"; };
		4FF8551814EA02B800F33E42 /* menu-button-highlight.png */ = {isa = PBXFileReference; lastKnownFileType = image.png; path = "menu-button-highlight.png"; sourceTree = "<group>"; };
		4FF8551D14EA11CE00F33E42 /* infoviewBackground.png */ = {isa = PBXFileReference; lastKnownFileType = image.png; path = infoviewBackground.png; sourceTree = "<group>"; };
		4FF8552414EA12D800F33E42 /* AppListingsViewController.h */ = {isa = PBXFileReference; fileEncoding = 4; lastKnownFileType = sourcecode.c.h; path = AppListingsViewController.h; sourceTree = "<group>"; };
		4FF8552514EA12D800F33E42 /* AppListingsViewController.m */ = {isa = PBXFileReference; fileEncoding = 4; lastKnownFileType = sourcecode.c.objc; path = AppListingsViewController.m; sourceTree = "<group>"; };
		4FF8552614EA12D800F33E42 /* AppListingsViewController.xib */ = {isa = PBXFileReference; fileEncoding = 4; lastKnownFileType = file.xib; path = AppListingsViewController.xib; sourceTree = "<group>"; };
		4FF8552914EA13E400F33E42 /* White AppsByLift.png */ = {isa = PBXFileReference; lastKnownFileType = image.png; path = "White AppsByLift.png"; sourceTree = "<group>"; };
		4FF8552B14EA17FB00F33E42 /* ATW.png */ = {isa = PBXFileReference; lastKnownFileType = image.png; path = ATW.png; sourceTree = "<group>"; };
		4FF8552C14EA17FB00F33E42 /* WordSearch.png */ = {isa = PBXFileReference; lastKnownFileType = image.png; path = WordSearch.png; sourceTree = "<group>"; };
		4FF8552F14EA197400F33E42 /* done-highlight.png */ = {isa = PBXFileReference; lastKnownFileType = image.png; path = "done-highlight.png"; sourceTree = "<group>"; };
		4FF8553614EA1C3A00F33E42 /* Default@2x.png */ = {isa = PBXFileReference; lastKnownFileType = image.png; path = "Default@2x.png"; sourceTree = "<group>"; };
/* End PBXFileReference section */

/* Begin PBXFrameworksBuildPhase section */
		4F974F8414952C350068F892 /* Frameworks */ = {
			isa = PBXFrameworksBuildPhase;
			buildActionMask = 2147483647;
			files = (
				4FE973B314E9E18100202B16 /* MapKit.framework in Frameworks */,
				4FE973A414E9C9F900202B16 /* CoreLocation.framework in Frameworks */,
				4FE9738E14E9B0AA00202B16 /* SystemConfiguration.framework in Frameworks */,
				4FE9738C14E9B0A100202B16 /* Security.framework in Frameworks */,
				4FE9738A14E9B09B00202B16 /* libz.1.2.5.dylib in Frameworks */,
				4FE9738814E9B09400202B16 /* QuartzCore.framework in Frameworks */,
				4FE9738614E9B08E00202B16 /* CFNetwork.framework in Frameworks */,
				4FE9738414E9B08800202B16 /* CoreData.framework in Frameworks */,
				4FE9738214E9B08300202B16 /* Twitter.framework in Frameworks */,
				4FE972F614E8FBDA00202B16 /* MessageUI.framework in Frameworks */,
				4F974F8C14952C350068F892 /* UIKit.framework in Frameworks */,
				4F974F8E14952C350068F892 /* Foundation.framework in Frameworks */,
				4F974F9014952C350068F892 /* CoreGraphics.framework in Frameworks */,
			);
			runOnlyForDeploymentPostprocessing = 0;
		};
/* End PBXFrameworksBuildPhase section */

/* Begin PBXGroup section */
		4F974F7C14952C350068F892 = {
			isa = PBXGroup;
			children = (
				4FBB9AD716E01D2200AA7D07 /* Default-568h@2x.png */,
				4F4DC1EE14EC1C1100AE3C99 /* Icon@2x.png */,
				4F4DC1EC14EC1C0E00AE3C99 /* Icon.png */,
				4F974F9114952C350068F892 /* lds-ward-finder */,
				4F974F8A14952C350068F892 /* Frameworks */,
				4F974F8814952C350068F892 /* Products */,
			);
			sourceTree = "<group>";
		};
		4F974F8814952C350068F892 /* Products */ = {
			isa = PBXGroup;
			children = (
				4F974F8714952C350068F892 /* lds-ward-finder.app */,
			);
			name = Products;
			sourceTree = "<group>";
		};
		4F974F8A14952C350068F892 /* Frameworks */ = {
			isa = PBXGroup;
			children = (
				4FE973B214E9E18100202B16 /* MapKit.framework */,
				4FE973A314E9C9F900202B16 /* CoreLocation.framework */,
				4FE9738D14E9B0AA00202B16 /* SystemConfiguration.framework */,
				4FE9738B14E9B0A100202B16 /* Security.framework */,
				4FE9738914E9B09B00202B16 /* libz.1.2.5.dylib */,
				4FE9738714E9B09400202B16 /* QuartzCore.framework */,
				4FE9738514E9B08E00202B16 /* CFNetwork.framework */,
				4FE9738314E9B08800202B16 /* CoreData.framework */,
				4FE9738114E9B08300202B16 /* Twitter.framework */,
				4FE972F514E8FBDA00202B16 /* MessageUI.framework */,
				4F974F8B14952C350068F892 /* UIKit.framework */,
				4F974F8D14952C350068F892 /* Foundation.framework */,
				4F974F8F14952C350068F892 /* CoreGraphics.framework */,
			);
			name = Frameworks;
			sourceTree = "<group>";
		};
		4F974F9114952C350068F892 /* lds-ward-finder */ = {
			isa = PBXGroup;
			children = (
				4FE972CA14E8F12F00202B16 /* AppSettings.h */,
				4FE972CB14E8F12F00202B16 /* AppSettings.m */,
				4F974F9A14952C350068F892 /* AppDelegate.h */,
				4F974F9B14952C350068F892 /* AppDelegate.m */,
				4F974F9D14952C350068F892 /* ViewController.h */,
				4F974F9E14952C350068F892 /* ViewController.m */,
				4F974FA014952C350068F892 /* ViewController.xib */,
				4F974FDC149546E50068F892 /* InformationViewController.h */,
				4F974FDD149546E50068F892 /* InformationViewController.m */,
				4F974FDE149546E50068F892 /* InformationViewController.xib */,
				4F974F9214952C350068F892 /* Supporting Files */,
			);
			path = "lds-ward-finder";
			sourceTree = "<group>";
		};
		4F974F9214952C350068F892 /* Supporting Files */ = {
			isa = PBXGroup;
			children = (
				4FE972E614E8F24D00202B16 /* Additional Kits */,
				4FE972C914E8F12F00202B16 /* Email Newsletter */,
				4F974FD5149545820068F892 /* MBProgressHUD.h */,
				4F974FD6149545820068F892 /* MBProgressHUD.m */,
				4F974FBF1495310A0068F892 /* Images */,
				4F974F9314952C350068F892 /* lds-ward-finder-Info.plist */,
				4F974F9414952C350068F892 /* InfoPlist.strings */,
				4F974F9714952C350068F892 /* main.m */,
				4F974F9914952C350068F892 /* lds-ward-finder-Prefix.pch */,
			);
			name = "Supporting Files";
			sourceTree = "<group>";
		};
		4F974FAC14952D9C0068F892 /* JTRevealSidebar */ = {
			isa = PBXGroup;
			children = (
				4F974FAD14952D9C0068F892 /* JTNavigationBar.h */,
				4F974FAE14952D9C0068F892 /* JTNavigationBar.m */,
				4F974FAF14952D9C0068F892 /* JTNavigationView.h */,
				4F974FB014952D9C0068F892 /* JTNavigationView.m */,
				4F974FB114952D9C0068F892 /* JTRevealSidebarView.h */,
				4F974FB214952D9C0068F892 /* JTRevealSidebarView.m */,
				4F974FB314952D9C0068F892 /* JTTableViewCellFactory.h */,
				4F974FB414952D9C0068F892 /* JTTableViewCellFactory.m */,
				4F974FB514952D9C0068F892 /* JTTableViewCellModal.h */,
				4F974FB614952D9C0068F892 /* JTTableViewCellModal.m */,
				4F974FB714952D9C0068F892 /* JTTableViewDatasource.h */,
				4F974FB814952D9C0068F892 /* JTTableViewDatasource.m */,
			);
			name = JTRevealSidebar;
			path = ../JTRevealSidebar;
			sourceTree = "<group>";
		};
		4F974FBF1495310A0068F892 /* Images */ = {
			isa = PBXGroup;
			children = (
				4FD8B75E157A1E61006898B0 /* checked.png */,
				4FD8B75F157A1E61006898B0 /* unchecked.png */,
				4FD8B75A157A1A2D006898B0 /* screen3-background-scroll.png */,
				4FF8553614EA1C3A00F33E42 /* Default@2x.png */,
				4FF8552F14EA197400F33E42 /* done-highlight.png */,
				4FF8552B14EA17FB00F33E42 /* ATW.png */,
				4FF8552C14EA17FB00F33E42 /* WordSearch.png */,
				4FF8552914EA13E400F33E42 /* White AppsByLift.png */,
				4FF8551D14EA11CE00F33E42 /* infoviewBackground.png */,
				4FF8551714EA02B800F33E42 /* startscreen-background-update.png */,
				4FF8551814EA02B800F33E42 /* menu-button-highlight.png */,
				4FF8550D14EA005900F33E42 /* searchGPS.png */,
				4FF8550E14EA005900F33E42 /* searchManually.png */,
				4FF8550F14EA005900F33E42 /* searchGPS-light.png */,
				4FF8551014EA005900F33E42 /* infobutton-light.png */,
				4FF8551114EA005900F33E42 /* infobutton.png */,
				4FE9731014E9A76A00202B16 /* sharemapinfo.png */,
				4FE9731114E9A76A00202B16 /* screen2-background-update.png */,
				4FE9731214E9A76A00202B16 /* map.png */,
				4FE972F714E8FE9000202B16 /* screen1-background-scroll.png */,
				4FE972FB14E907A500202B16 /* mapviewbackground.png */,
				4FE972C514E8EBB300202B16 /* addressbook.png */,
				4FE972C614E8EBB300202B16 /* searchbutton.png */,
				4FE972C214E8EB1400202B16 /* screen1-background.png */,
				4F974FE1149547FA0068F892 /* informationview.png */,
			);
			path = Images;
			sourceTree = "<group>";
		};
		4FBB9AD516E01C6E00AA7D07 /* CocoaWithLove */ = {
			isa = PBXGroup;
			children = (
				4FBB9AD616E01C6F00AA7D07 /* CWLSynthesizeSingleton.h */,
			);
			path = CocoaWithLove;
			sourceTree = "<group>";
		};
		4FD8B7451579DACB006898B0 /* JSONKit */ = {
			isa = PBXGroup;
			children = (
				4FD8B7461579DADF006898B0 /* JSONKit.h */,
				4FD8B7471579DADF006898B0 /* JSONKit.m */,
			);
			name = JSONKit;
			sourceTree = "<group>";
		};
		4FE972C914E8F12F00202B16 /* Email Newsletter */ = {
			isa = PBXGroup;
			children = (
				4FE972D214E8F12F00202B16 /* LiftInfoViewController.h */,
				4FE972D314E8F12F00202B16 /* LiftInfoViewController.mm */,
				4FE972D414E8F12F00202B16 /* LiftInfoViewController.xib */,
				4FF8552414EA12D800F33E42 /* AppListingsViewController.h */,
				4FF8552514EA12D800F33E42 /* AppListingsViewController.m */,
				4FF8552614EA12D800F33E42 /* AppListingsViewController.xib */,
				4FE972D514E8F12F00202B16 /* Million.png */,
				4FE972D714E8F12F00202B16 /* UIColor+Additions.h */,
				4FE972D814E8F12F00202B16 /* UIColor+Additions.m */,
				4FE972D914E8F12F00202B16 /* Voices.png */,
				4FE972DA14E8F12F00202B16 /* WebView.h */,
				4FE972DB14E8F12F00202B16 /* WebView.m */,
				4FE972DC14E8F12F00202B16 /* WebView.xib */,
			);
			path = "Email Newsletter";
			sourceTree = "<group>";
		};
		4FE972E614E8F24D00202B16 /* Additional Kits */ = {
			isa = PBXGroup;
			children = (
				4FBB9AD516E01C6E00AA7D07 /* CocoaWithLove */,
				4FD8B7451579DACB006898B0 /* JSONKit */,
				4FE973A614E9CA2500202B16 /* CoreLocationController.h */,
				4FE973A714E9CA2500202B16 /* CoreLocationController.m */,
				4FE972F014E8F58100202B16 /* Splash Video */,
				4F974FAC14952D9C0068F892 /* JTRevealSidebar */,
				4FE972E714E8F26500202B16 /* TPKeyboardAvoidingScrollView.h */,
				4FE972E814E8F26500202B16 /* TPKeyboardAvoidingScrollView.m */,
				4FE972E914E8F26500202B16 /* UIView+Position.h */,
				4FE972EA14E8F26500202B16 /* UIView+Position.m */,
				4FE972EB14E8F26500202B16 /* UIView+firstResponder.h */,
				4FE972EC14E8F26500202B16 /* UIView+firstResponder.m */,
			);
			name = "Additional Kits";
			sourceTree = "<group>";
		};
		4FE972F014E8F58100202B16 /* Splash Video */ = {
			isa = PBXGroup;
			children = (
				4FE972F114E8F59200202B16 /* appsbylift_Resources */,
				4FE972F214E8F59200202B16 /* appsbylift.html */,
			);
			name = "Splash Video";
			sourceTree = "<group>";
		};
/* End PBXGroup section */

/* Begin PBXNativeTarget section */
		4F974F8614952C350068F892 /* lds-ward-finder */ = {
			isa = PBXNativeTarget;
			buildConfigurationList = 4F974FA514952C350068F892 /* Build configuration list for PBXNativeTarget "lds-ward-finder" */;
			buildPhases = (
				4F974F8314952C350068F892 /* Sources */,
				4F974F8414952C350068F892 /* Frameworks */,
				4F974F8514952C350068F892 /* Resources */,
			);
			buildRules = (
			);
			dependencies = (
			);
			name = "lds-ward-finder";
			productName = "lds-ward-finder";
			productReference = 4F974F8714952C350068F892 /* lds-ward-finder.app */;
			productType = "com.apple.product-type.application";
		};
/* End PBXNativeTarget section */

/* Begin PBXProject section */
		4F974F7E14952C350068F892 /* Project object */ = {
			isa = PBXProject;
			attributes = {
				LastUpgradeCheck = 0420;
			};
			buildConfigurationList = 4F974F8114952C350068F892 /* Build configuration list for PBXProject "lds-ward-finder" */;
			compatibilityVersion = "Xcode 3.2";
			developmentRegion = English;
			hasScannedForEncodings = 0;
			knownRegions = (
				en,
			);
			mainGroup = 4F974F7C14952C350068F892;
			productRefGroup = 4F974F8814952C350068F892 /* Products */;
			projectDirPath = "";
			projectRoot = "";
			targets = (
				4F974F8614952C350068F892 /* lds-ward-finder */,
			);
		};
/* End PBXProject section */

/* Begin PBXResourcesBuildPhase section */
		4F974F8514952C350068F892 /* Resources */ = {
			isa = PBXResourcesBuildPhase;
			buildActionMask = 2147483647;
			files = (
				4F974F9614952C350068F892 /* InfoPlist.strings in Resources */,
				4F974FA214952C350068F892 /* ViewController.xib in Resources */,
				4F974FE0149546E60068F892 /* InformationViewController.xib in Resources */,
				4F974FE2149547FA0068F892 /* informationview.png in Resources */,
				4FE972C714E8EBB300202B16 /* addressbook.png in Resources */,
				4FE972C814E8EBB300202B16 /* searchbutton.png in Resources */,
				4FE972E014E8F12F00202B16 /* LiftInfoViewController.xib in Resources */,
				4FE972E114E8F12F00202B16 /* Million.png in Resources */,
				4FE972E314E8F12F00202B16 /* Voices.png in Resources */,
				4FE972E514E8F12F00202B16 /* WebView.xib in Resources */,
				4FE972F314E8F59200202B16 /* appsbylift_Resources in Resources */,
				4FE972F414E8F59200202B16 /* appsbylift.html in Resources */,
				4FE972F814E8FE9000202B16 /* screen1-background-scroll.png in Resources */,
				4FE972FC14E907A500202B16 /* mapviewbackground.png in Resources */,
				4FE9731314E9A76A00202B16 /* sharemapinfo.png in Resources */,
				4FE9731414E9A76A00202B16 /* screen2-background-update.png in Resources */,
				4FE9731514E9A76A00202B16 /* map.png in Resources */,
				4FF8551214EA005900F33E42 /* searchGPS.png in Resources */,
				4FF8551314EA005900F33E42 /* searchManually.png in Resources */,
				4FF8551414EA005900F33E42 /* searchGPS-light.png in Resources */,
				4FF8551514EA005900F33E42 /* infobutton-light.png in Resources */,
				4FF8551614EA005900F33E42 /* infobutton.png in Resources */,
				4FF8551914EA02B800F33E42 /* startscreen-background-update.png in Resources */,
				4FF8551A14EA02B800F33E42 /* menu-button-highlight.png in Resources */,
				4FF8551E14EA11CE00F33E42 /* infoviewBackground.png in Resources */,
				4FF8552814EA12D800F33E42 /* AppListingsViewController.xib in Resources */,
				4FF8552A14EA13E400F33E42 /* White AppsByLift.png in Resources */,
				4FF8552D14EA17FB00F33E42 /* ATW.png in Resources */,
				4FF8552E14EA17FB00F33E42 /* WordSearch.png in Resources */,
				4FF8553014EA197400F33E42 /* done-highlight.png in Resources */,
				4FF8553714EA1C3A00F33E42 /* Default@2x.png in Resources */,
				4F4DC1ED14EC1C0E00AE3C99 /* Icon.png in Resources */,
				4F4DC1EF14EC1C1100AE3C99 /* Icon@2x.png in Resources */,
				4FD8B75B157A1A2D006898B0 /* screen3-background-scroll.png in Resources */,
				4FD8B760157A1E61006898B0 /* checked.png in Resources */,
				4FD8B761157A1E61006898B0 /* unchecked.png in Resources */,
				4FBB9AD816E01D2200AA7D07 /* Default-568h@2x.png in Resources */,
			);
			runOnlyForDeploymentPostprocessing = 0;
		};
/* End PBXResourcesBuildPhase section */

/* Begin PBXSourcesBuildPhase section */
		4F974F8314952C350068F892 /* Sources */ = {
			isa = PBXSourcesBuildPhase;
			buildActionMask = 2147483647;
			files = (
				4F974F9814952C350068F892 /* main.m in Sources */,
				4F974F9C14952C350068F892 /* AppDelegate.m in Sources */,
				4F974F9F14952C350068F892 /* ViewController.m in Sources */,
				4F974FB914952D9C0068F892 /* JTNavigationBar.m in Sources */,
				4F974FBA14952D9C0068F892 /* JTNavigationView.m in Sources */,
				4F974FBB14952D9C0068F892 /* JTRevealSidebarView.m in Sources */,
				4F974FBC14952D9C0068F892 /* JTTableViewCellFactory.m in Sources */,
				4F974FBD14952D9C0068F892 /* JTTableViewCellModal.m in Sources */,
				4F974FBE14952D9C0068F892 /* JTTableViewDatasource.m in Sources */,
				4F974FD7149545820068F892 /* MBProgressHUD.m in Sources */,
				4F974FDF149546E60068F892 /* InformationViewController.m in Sources */,
				4FE972DD14E8F12F00202B16 /* AppSettings.m in Sources */,
				4FE972DF14E8F12F00202B16 /* LiftInfoViewController.mm in Sources */,
				4FE972E214E8F12F00202B16 /* UIColor+Additions.m in Sources */,
				4FE972E414E8F12F00202B16 /* WebView.m in Sources */,
				4FE972ED14E8F26500202B16 /* TPKeyboardAvoidingScrollView.m in Sources */,
				4FE972EE14E8F26500202B16 /* UIView+Position.m in Sources */,
				4FE972EF14E8F26500202B16 /* UIView+firstResponder.m in Sources */,
				4FE973A814E9CA2500202B16 /* CoreLocationController.m in Sources */,
				4FF8552714EA12D800F33E42 /* AppListingsViewController.m in Sources */,
				4FD8B7481579DADF006898B0 /* JSONKit.m in Sources */,
			);
			runOnlyForDeploymentPostprocessing = 0;
		};
/* End PBXSourcesBuildPhase section */

/* Begin PBXVariantGroup section */
		4F974F9414952C350068F892 /* InfoPlist.strings */ = {
			isa = PBXVariantGroup;
			children = (
				4F974F9514952C350068F892 /* en */,
			);
			name = InfoPlist.strings;
			sourceTree = "<group>";
		};
		4F974FA014952C350068F892 /* ViewController.xib */ = {
			isa = PBXVariantGroup;
			children = (
				4F974FA114952C350068F892 /* en */,
			);
			name = ViewController.xib;
			sourceTree = "<group>";
		};
/* End PBXVariantGroup section */

/* Begin XCBuildConfiguration section */
		4F974FA314952C350068F892 /* Debug */ = {
			isa = XCBuildConfiguration;
			buildSettings = {
				ALWAYS_SEARCH_USER_PATHS = NO;
				ARCHS = "$(ARCHS_STANDARD_32_BIT)";
				CODE_SIGN_IDENTITY = "iPhone Developer";
				"CODE_SIGN_IDENTITY[sdk=iphoneos*]" = "iPhone Developer";
				COPY_PHASE_STRIP = NO;
				GCC_C_LANGUAGE_STANDARD = gnu99;
				GCC_DYNAMIC_NO_PIC = NO;
				GCC_OPTIMIZATION_LEVEL = 0;
				GCC_PREPROCESSOR_DEFINITIONS = (
					"DEBUG=1",
					"$(inherited)",
				);
				GCC_SYMBOLS_PRIVATE_EXTERN = NO;
				GCC_VERSION = com.apple.compilers.llvm.clang.1_0;
				GCC_WARN_ABOUT_MISSING_PROTOTYPES = YES;
				GCC_WARN_ABOUT_RETURN_TYPE = YES;
				GCC_WARN_UNUSED_VARIABLE = YES;
				IPHONEOS_DEPLOYMENT_TARGET = 5.0;
				PROVISIONING_PROFILE = "";
				SDKROOT = iphoneos;
			};
			name = Debug;
		};
		4F974FA414952C350068F892 /* Release */ = {
			isa = XCBuildConfiguration;
			buildSettings = {
				ALWAYS_SEARCH_USER_PATHS = NO;
				ARCHS = "$(ARCHS_STANDARD_32_BIT)";
				CODE_SIGN_IDENTITY = "iPhone Distribution";
				"CODE_SIGN_IDENTITY[sdk=iphoneos*]" = "iPhone Developer";
				COPY_PHASE_STRIP = YES;
				GCC_C_LANGUAGE_STANDARD = gnu99;
				GCC_VERSION = com.apple.compilers.llvm.clang.1_0;
				GCC_WARN_ABOUT_MISSING_PROTOTYPES = YES;
				GCC_WARN_ABOUT_RETURN_TYPE = YES;
				GCC_WARN_UNUSED_VARIABLE = YES;
				IPHONEOS_DEPLOYMENT_TARGET = 5.0;
				OTHER_CFLAGS = "-DNS_BLOCK_ASSERTIONS=1";
				PROVISIONING_PROFILE = "";
				SDKROOT = iphoneos;
				VALIDATE_PRODUCT = YES;
			};
			name = Release;
		};
		4F974FA614952C350068F892 /* Debug */ = {
			isa = XCBuildConfiguration;
			buildSettings = {
				CLANG_ENABLE_OBJC_ARC = YES;
				CODE_SIGN_IDENTITY = "iPhone Developer";
				COMPRESS_PNG_FILES = NO;
				GCC_PRECOMPILE_PREFIX_HEADER = YES;
				GCC_PREFIX_HEADER = "lds-ward-finder/lds-ward-finder-Prefix.pch";
				INFOPLIST_FILE = "lds-ward-finder/lds-ward-finder-Info.plist";
				LIBRARY_SEARCH_PATHS = (
					"$(inherited)",
					"\"$(SRCROOT)/lds-ward-finder/AddThis\"",
				);
				PRODUCT_NAME = "$(TARGET_NAME)";
				PROVISIONING_PROFILE = "";
				WRAPPER_EXTENSION = app;
			};
			name = Debug;
		};
		4F974FA714952C350068F892 /* Release */ = {
			isa = XCBuildConfiguration;
			buildSettings = {
				CLANG_ENABLE_OBJC_ARC = YES;
				CODE_SIGN_IDENTITY = "iPhone Distribution";
				"CODE_SIGN_IDENTITY[sdk=iphoneos*]" = "iPhone Distribution";
				COMPRESS_PNG_FILES = NO;
				GCC_PRECOMPILE_PREFIX_HEADER = YES;
				GCC_PREFIX_HEADER = "lds-ward-finder/lds-ward-finder-Prefix.pch";
				INFOPLIST_FILE = "lds-ward-finder/lds-ward-finder-Info.plist";
				LIBRARY_SEARCH_PATHS = (
					"$(inherited)",
					"\"$(SRCROOT)/lds-ward-finder/AddThis\"",
				);
				PRODUCT_NAME = "$(TARGET_NAME)";
				PROVISIONING_PROFILE = "";
				"PROVISIONING_PROFILE[sdk=iphoneos*]" = "";
				WRAPPER_EXTENSION = app;
			};
			name = Release;
		};
/* End XCBuildConfiguration section */

/* Begin XCConfigurationList section */
		4F974F8114952C350068F892 /* Build configuration list for PBXProject "lds-ward-finder" */ = {
			isa = XCConfigurationList;
			buildConfigurations = (
				4F974FA314952C350068F892 /* Debug */,
				4F974FA414952C350068F892 /* Release */,
			);
			defaultConfigurationIsVisible = 0;
			defaultConfigurationName = Release;
		};
		4F974FA514952C350068F892 /* Build configuration list for PBXNativeTarget "lds-ward-finder" */ = {
			isa = XCConfigurationList;
			buildConfigurations = (
				4F974FA614952C350068F892 /* Debug */,
				4F974FA714952C350068F892 /* Release */,
			);
			defaultConfigurationIsVisible = 0;
			defaultConfigurationName = Release;
		};
/* End XCConfigurationList section */
	};
	rootObject = 4F974F7E14952C350068F892 /* Project object */;
}
