// !$*UTF8*$!
{
	archiveVersion = 1;
	classes = {
	};
	objectVersion = 46;
	objects = {

/* Begin PBXBuildFile section */
		4F974F8C14952C350068F892 /* UIKit.framework in Frameworks */ = {isa = PBXBuildFile; fileRef = 4F974F8B14952C350068F892 /* UIKit.framework */; };
		4F974F8E14952C350068F892 /* Foundation.framework in Frameworks */ = {isa = PBXBuildFile; fileRef = 4F974F8D14952C350068F892 /* Foundation.framework */; };
		4F974F9014952C350068F892 /* CoreGraphics.framework in Frameworks */ = {isa = PBXBuildFile; fileRef = 4F974F8F14952C350068F892 /* CoreGraphics.framework */; };
		4F974F9614952C350068F892 /* InfoPlist.strings in Resources */ = {isa = PBXBuildFile; fileRef = 4F974F9414952C350068F892 /* InfoPlist.strings */; };
		4F974F9814952C350068F892 /* main.m in Sources */ = {isa = PBXBuildFile; fileRef = 4F974F9714952C350068F892 /* main.m */; };
		4F974F9C14952C350068F892 /* AppDelegate.m in Sources */ = {isa = PBXBuildFile; fileRef = 4F974F9B14952C350068F892 /* AppDelegate.m */; };
		4F974F9F14952C350068F892 /* ViewController.m in Sources */ = {isa = PBXBuildFile; fileRef = 4F974F9E14952C350068F892 /* ViewController.m */; };
		4F974FA214952C350068F892 /* ViewController.xib in Resources */ = {isa = PBXBuildFile; fileRef = 4F974FA014952C350068F892 /* ViewController.xib */; };
/* End PBXBuildFile section */

/* Begin PBXFileReference section */
		4F974F8714952C350068F892 /* lds-ward-finder.app */ = {isa = PBXFileReference; explicitFileType = wrapper.application; includeInIndex = 0; path = "lds-ward-finder.app"; sourceTree = BUILT_PRODUCTS_DIR; };
		4F974F8B14952C350068F892 /* UIKit.framework */ = {isa = PBXFileReference; lastKnownFileType = wrapper.framework; name = UIKit.framework; path = System/Library/Frameworks/UIKit.framework; sourceTree = SDKROOT; };
		4F974F8D14952C350068F892 /* Foundation.framework */ = {isa = PBXFileReference; lastKnownFileType = wrapper.framework; name = Foundation.framework; path = System/Library/Frameworks/Foundation.framework; sourceTree = SDKROOT; };
		4F974F8F14952C350068F892 /* CoreGraphics.framework */ = {isa = PBXFileReference; lastKnownFileType = wrapper.framework; name = CoreGraphics.framework; path = System/Library/Frameworks/CoreGraphics.framework; sourceTree = SDKROOT; };
		4F974F9314952C350068F892 /* lds-ward-finder-Info.plist */ = {isa = PBXFileReference; path = "lds-ward-finder-Info.plist"; sourceTree = "<group>"; };
		4F974F9514952C350068F892 /* en */ = {isa = PBXFileReference; lastKnownFileType = text.plist.strings; name = en; path = en.lproj/InfoPlist.strings; sourceTree = "<group>"; };
		4F974F9714952C350068F892 /* main.m */ = {isa = PBXFileReference; lastKnownFileType = sourcecode.c.objc; path = main.m; sourceTree = "<group>"; };
		4F974F9914952C350068F892 /* lds-ward-finder-Prefix.pch */ = {isa = PBXFileReference; path = "lds-ward-finder-Prefix.pch"; sourceTree = "<group>"; };
		4F974F9A14952C350068F892 /* AppDelegate.h */ = {isa = PBXFileReference; path = AppDelegate.h; sourceTree = "<group>"; };
		4F974F9B14952C350068F892 /* AppDelegate.m */ = {isa = PBXFileReference; lastKnownFileType = sourcecode.c.objc; path = AppDelegate.m; sourceTree = "<group>"; };
		4F974F9D14952C350068F892 /* ViewController.h */ = {isa = PBXFileReference; path = ViewController.h; sourceTree = "<group>"; };
		4F974F9E14952C350068F892 /* ViewController.m */ = {isa = PBXFileReference; lastKnownFileType = sourcecode.c.objc; path = ViewController.m; sourceTree = "<group>"; };
		4F974FA114952C350068F892 /* en */ = {isa = PBXFileReference; lastKnownFileType = file.xib; name = en; path = en.lproj/ViewController.xib; sourceTree = "<group>"; };
/* End PBXFileReference section */

/* Begin PBXFrameworksBuildPhase section */
		4F974F8414952C350068F892 /* Frameworks */ = {
			isa = PBXFrameworksBuildPhase;
			buildActionMask = 2147483647;
			files = (
				4F974F8C14952C350068F892 /* UIKit.framework in Frameworks */,
				4F974F8E14952C350068F892 /* Foundation.framework in Frameworks */,
				4F974F9014952C350068F892 /* CoreGraphics.framework in Frameworks */,
			);
			runOnlyForDeploymentPostprocessing = 0;
		};
/* End PBXFrameworksBuildPhase section */

/* Begin PBXGroup section */
		4F974F7C14952C350068F892 = {
			isa = PBXGroup;
			children = (
				4F974F9114952C350068F892 /* lds-ward-finder */,
				4F974F8A14952C350068F892 /* Frameworks */,
				4F974F8814952C350068F892 /* Products */,
			);
			sourceTree = "<group>";
		};
		4F974F8814952C350068F892 /* Products */ = {
			isa = PBXGroup;
			children = (
				4F974F8714952C350068F892 /* lds-ward-finder.app */,
			);
			name = Products;
			sourceTree = "<group>";
		};
		4F974F8A14952C350068F892 /* Frameworks */ = {
			isa = PBXGroup;
			children = (
				4F974F8B14952C350068F892 /* UIKit.framework */,
				4F974F8D14952C350068F892 /* Foundation.framework */,
				4F974F8F14952C350068F892 /* CoreGraphics.framework */,
			);
			name = Frameworks;
			sourceTree = "<group>";
		};
		4F974F9114952C350068F892 /* lds-ward-finder */ = {
			isa = PBXGroup;
			children = (
				4F974F9A14952C350068F892 /* AppDelegate.h */,
				4F974F9B14952C350068F892 /* AppDelegate.m */,
				4F974F9D14952C350068F892 /* ViewController.h */,
				4F974F9E14952C350068F892 /* ViewController.m */,
				4F974FA014952C350068F892 /* ViewController.xib */,
				4F974F9214952C350068F892 /* Supporting Files */,
			);
			path = "lds-ward-finder";
			sourceTree = "<group>";
		};
		4F974F9214952C350068F892 /* Supporting Files */ = {
			isa = PBXGroup;
			children = (
				4F974F9314952C350068F892 /* lds-ward-finder-Info.plist */,
				4F974F9414952C350068F892 /* InfoPlist.strings */,
				4F974F9714952C350068F892 /* main.m */,
				4F974F9914952C350068F892 /* lds-ward-finder-Prefix.pch */,
			);
			name = "Supporting Files";
			sourceTree = "<group>";
		};
/* End PBXGroup section */

/* Begin PBXNativeTarget section */
		4F974F8614952C350068F892 /* lds-ward-finder */ = {
			isa = PBXNativeTarget;
			buildConfigurationList = 4F974FA514952C350068F892 /* Build configuration list for PBXNativeTarget "lds-ward-finder" */;
			buildPhases = (
				4F974F8314952C350068F892 /* Sources */,
				4F974F8414952C350068F892 /* Frameworks */,
				4F974F8514952C350068F892 /* Resources */,
			);
			buildRules = (
			);
			dependencies = (
			);
			name = "lds-ward-finder";
			productName = "lds-ward-finder";
			productReference = 4F974F8714952C350068F892 /* lds-ward-finder.app */;
			productType = "com.apple.product-type.application";
		};
/* End PBXNativeTarget section */

/* Begin PBXProject section */
		4F974F7E14952C350068F892 /* Project object */ = {
			isa = PBXProject;
			attributes = {
				LastUpgradeCheck = 0420;
			};
			buildConfigurationList = 4F974F8114952C350068F892 /* Build configuration list for PBXProject "lds-ward-finder" */;
			compatibilityVersion = "Xcode 3.2";
			developmentRegion = English;
			hasScannedForEncodings = 0;
			knownRegions = (
				en,
			);
			mainGroup = 4F974F7C14952C350068F892;
			productRefGroup = 4F974F8814952C350068F892 /* Products */;
			projectDirPath = "";
			projectRoot = "";
			targets = (
				4F974F8614952C350068F892 /* lds-ward-finder */,
			);
		};
/* End PBXProject section */

/* Begin PBXResourcesBuildPhase section */
		4F974F8514952C350068F892 /* Resources */ = {
			isa = PBXResourcesBuildPhase;
			buildActionMask = 2147483647;
			files = (
				4F974F9614952C350068F892 /* InfoPlist.strings in Resources */,
				4F974FA214952C350068F892 /* ViewController.xib in Resources */,
			);
			runOnlyForDeploymentPostprocessing = 0;
		};
/* End PBXResourcesBuildPhase section */

/* Begin PBXSourcesBuildPhase section */
		4F974F8314952C350068F892 /* Sources */ = {
			isa = PBXSourcesBuildPhase;
			buildActionMask = 2147483647;
			files = (
				4F974F9814952C350068F892 /* main.m in Sources */,
				4F974F9C14952C350068F892 /* AppDelegate.m in Sources */,
				4F974F9F14952C350068F892 /* ViewController.m in Sources */,
			);
			runOnlyForDeploymentPostprocessing = 0;
		};
/* End PBXSourcesBuildPhase section */

/* Begin PBXVariantGroup section */
		4F974F9414952C350068F892 /* InfoPlist.strings */ = {
			isa = PBXVariantGroup;
			children = (
				4F974F9514952C350068F892 /* en */,
			);
			name = InfoPlist.strings;
			sourceTree = "<group>";
		};
		4F974FA014952C350068F892 /* ViewController.xib */ = {
			isa = PBXVariantGroup;
			children = (
				4F974FA114952C350068F892 /* en */,
			);
			name = ViewController.xib;
			sourceTree = "<group>";
		};
/* End PBXVariantGroup section */

/* Begin XCBuildConfiguration section */
		4F974FA314952C350068F892 /* Debug */ = {
			isa = XCBuildConfiguration;
			buildSettings = {
				ALWAYS_SEARCH_USER_PATHS = NO;
				ARCHS = "$(ARCHS_STANDARD_32_BIT)";
				"CODE_SIGN_IDENTITY[sdk=iphoneos*]" = "iPhone Developer";
				COPY_PHASE_STRIP = NO;
				GCC_C_LANGUAGE_STANDARD = gnu99;
				GCC_DYNAMIC_NO_PIC = NO;
				GCC_OPTIMIZATION_LEVEL = 0;
				GCC_PREPROCESSOR_DEFINITIONS = (
					"DEBUG=1",
					"$(inherited)",
				);
				GCC_SYMBOLS_PRIVATE_EXTERN = NO;
				GCC_VERSION = com.apple.compilers.llvm.clang.1_0;
				GCC_WARN_ABOUT_MISSING_PROTOTYPES = YES;
				GCC_WARN_ABOUT_RETURN_TYPE = YES;
				GCC_WARN_UNUSED_VARIABLE = YES;
				IPHONEOS_DEPLOYMENT_TARGET = 5.0;
				SDKROOT = iphoneos;
			};
			name = Debug;
		};
		4F974FA414952C350068F892 /* Release */ = {
			isa = XCBuildConfiguration;
			buildSettings = {
				ALWAYS_SEARCH_USER_PATHS = NO;
				ARCHS = "$(ARCHS_STANDARD_32_BIT)";
				"CODE_SIGN_IDENTITY[sdk=iphoneos*]" = "iPhone Developer";
				COPY_PHASE_STRIP = YES;
				GCC_C_LANGUAGE_STANDARD = gnu99;
				GCC_VERSION = com.apple.compilers.llvm.clang.1_0;
				GCC_WARN_ABOUT_MISSING_PROTOTYPES = YES;
				GCC_WARN_ABOUT_RETURN_TYPE = YES;
				GCC_WARN_UNUSED_VARIABLE = YES;
				IPHONEOS_DEPLOYMENT_TARGET = 5.0;
				OTHER_CFLAGS = "-DNS_BLOCK_ASSERTIONS=1";
				SDKROOT = iphoneos;
				VALIDATE_PRODUCT = YES;
			};
			name = Release;
		};
		4F974FA614952C350068F892 /* Debug */ = {
			isa = XCBuildConfiguration;
			buildSettings = {
				GCC_PRECOMPILE_PREFIX_HEADER = YES;
				GCC_PREFIX_HEADER = "lds-ward-finder/lds-ward-finder-Prefix.pch";
				INFOPLIST_FILE = "lds-ward-finder/lds-ward-finder-Info.plist";
				PRODUCT_NAME = "$(TARGET_NAME)";
				WRAPPER_EXTENSION = app;
			};
			name = Debug;
		};
		4F974FA714952C350068F892 /* Release */ = {
			isa = XCBuildConfiguration;
			buildSettings = {
				GCC_PRECOMPILE_PREFIX_HEADER = YES;
				GCC_PREFIX_HEADER = "lds-ward-finder/lds-ward-finder-Prefix.pch";
				INFOPLIST_FILE = "lds-ward-finder/lds-ward-finder-Info.plist";
				PRODUCT_NAME = "$(TARGET_NAME)";
				WRAPPER_EXTENSION = app;
			};
			name = Release;
		};
/* End XCBuildConfiguration section */

/* Begin XCConfigurationList section */
		4F974F8114952C350068F892 /* Build configuration list for PBXProject "lds-ward-finder" */ = {
			isa = XCConfigurationList;
			buildConfigurations = (
				4F974FA314952C350068F892 /* Debug */,
				4F974FA414952C350068F892 /* Release */,
			);
			defaultConfigurationIsVisible = 0;
			defaultConfigurationName = Release;
		};
		4F974FA514952C350068F892 /* Build configuration list for PBXNativeTarget "lds-ward-finder" */ = {
			isa = XCConfigurationList;
			buildConfigurations = (
				4F974FA614952C350068F892 /* Debug */,
				4F974FA714952C350068F892 /* Release */,
			);
			defaultConfigurationIsVisible = 0;
		};
/* End XCConfigurationList section */
	};
	rootObject = 4F974F7E14952C350068F892 /* Project object */;
}
